
Microsoft Visual Studio Solution File, Format Version 12.00
# Visual Studio 15
VisualStudioVersion = 15.0.26730.12
MinimumVisualStudioVersion = 10.0.40219.1
Project("{FAE04EC0-301F-11D3-BF4B-00C04F79EFBC}") = "RxOutlet.Android", "RxOutlet\RxOutlet.Android\RxOutlet.Android.csproj", "{6D2BF1BB-861C-4DC4-8754-2DE59D02E774}"
EndProject
Project("{FAE04EC0-301F-11D3-BF4B-00C04F79EFBC}") = "RxOutlet", "RxOutlet\RxOutlet\RxOutlet.csproj", "{6DA6D855-40E7-47FF-A9F6-82AE336C3D8B}"
EndProject
Project("{FAE04EC0-301F-11D3-BF4B-00C04F79EFBC}") = "RxOutlet.iOS", "RxOutlet\RxOutlet.iOS\RxOutlet.iOS.csproj", "{7F8C6D01-D22C-4651-BA6E-2C087B01F739}"
EndProject
Project("{FAE04EC0-301F-11D3-BF4B-00C04F79EFBC}") = "RxOutlet.BusinessRules", "RxOutlet\RxOutlet.BusinessRules\RxOutlet.BusinessRules.csproj", "{807185CE-7C17-4CCB-885E-1E03E1974A1B}"
EndProject
Project("{FAE04EC0-301F-11D3-BF4B-00C04F79EFBC}") = "RxOutlet.Services", "RxOutlet\RxOutlet.Services\RxOutlet.Services.csproj", "{28F19B28-30DE-4904-B2ED-DFB56388CDDC}"
EndProject
Project("{FAE04EC0-301F-11D3-BF4B-00C04F79EFBC}") = "RxOutlet.Tests", "RxOutlet\RxOutlet.Tests\RxOutlet.Tests.csproj", "{8EC9834D-5FB3-4FEC-A53F-6BBBA74B951D}"
EndProject
Project("{FAE04EC0-301F-11D3-BF4B-00C04F79EFBC}") = "RxOutlet.Dependency", "RxOutlet\RxOutlet.Dependency\RxOutlet.Dependency.csproj", "{61487701-53BE-4877-87AC-38BBA7601EF3}"
EndProject
Project("{2150E333-8FDC-42A3-9474-1A3956D46DE8}") = "Shared", "Shared", "{B7B3FE1D-D673-4B61-B4ED-FF755AC3D65C}"
EndProject
Project("{2150E333-8FDC-42A3-9474-1A3956D46DE8}") = "Backend", "Backend", "{822EE30F-D6CD-4D18-ABFC-29088045782C}"
EndProject
Project("{2150E333-8FDC-42A3-9474-1A3956D46DE8}") = "Tests", "Tests", "{F22046F9-8070-4E1C-ABE5-6452027F8EE2}"
EndProject
Project("{2150E333-8FDC-42A3-9474-1A3956D46DE8}") = "Targets", "Targets", "{6DC66A84-E616-4FEB-8AF2-3CD1D8F9AB90}"
EndProject
Project("{FAE04EC0-301F-11D3-BF4B-00C04F79EFBC}") = "RxOutlet.Entity", "RxOutlet\RxOutlet.Entity\RxOutlet.Entity.csproj", "{6F3D0CBF-1A37-489B-9A36-20A718FFD846}"
EndProject
Global
	GlobalSection(SolutionConfigurationPlatforms) = preSolution
		Ad-Hoc|Any CPU = Ad-Hoc|Any CPU
		Ad-Hoc|iPhone = Ad-Hoc|iPhone
		Ad-Hoc|iPhoneSimulator = Ad-Hoc|iPhoneSimulator
		AppStore|Any CPU = AppStore|Any CPU
		AppStore|iPhone = AppStore|iPhone
		AppStore|iPhoneSimulator = AppStore|iPhoneSimulator
		Debug|Any CPU = Debug|Any CPU
		Debug|iPhone = Debug|iPhone
		Debug|iPhoneSimulator = Debug|iPhoneSimulator
		Release|Any CPU = Release|Any CPU
		Release|iPhone = Release|iPhone
		Release|iPhoneSimulator = Release|iPhoneSimulator
	EndGlobalSection
	GlobalSection(ProjectConfigurationPlatforms) = postSolution
		{6D2BF1BB-861C-4DC4-8754-2DE59D02E774}.Ad-Hoc|Any CPU.ActiveCfg = Release|Any CPU
		{6D2BF1BB-861C-4DC4-8754-2DE59D02E774}.Ad-Hoc|Any CPU.Build.0 = Release|Any CPU
		{6D2BF1BB-861C-4DC4-8754-2DE59D02E774}.Ad-Hoc|Any CPU.Deploy.0 = Release|Any CPU
		{6D2BF1BB-861C-4DC4-8754-2DE59D02E774}.Ad-Hoc|iPhone.ActiveCfg = Release|Any CPU
		{6D2BF1BB-861C-4DC4-8754-2DE59D02E774}.Ad-Hoc|iPhone.Build.0 = Release|Any CPU
		{6D2BF1BB-861C-4DC4-8754-2DE59D02E774}.Ad-Hoc|iPhone.Deploy.0 = Release|Any CPU
		{6D2BF1BB-861C-4DC4-8754-2DE59D02E774}.Ad-Hoc|iPhoneSimulator.ActiveCfg = Release|Any CPU
		{6D2BF1BB-861C-4DC4-8754-2DE59D02E774}.Ad-Hoc|iPhoneSimulator.Build.0 = Release|Any CPU
		{6D2BF1BB-861C-4DC4-8754-2DE59D02E774}.Ad-Hoc|iPhoneSimulator.Deploy.0 = Release|Any CPU
		{6D2BF1BB-861C-4DC4-8754-2DE59D02E774}.AppStore|Any CPU.ActiveCfg = Release|Any CPU
		{6D2BF1BB-861C-4DC4-8754-2DE59D02E774}.AppStore|Any CPU.Build.0 = Release|Any CPU
		{6D2BF1BB-861C-4DC4-8754-2DE59D02E774}.AppStore|Any CPU.Deploy.0 = Release|Any CPU
		{6D2BF1BB-861C-4DC4-8754-2DE59D02E774}.AppStore|iPhone.ActiveCfg = Release|Any CPU
		{6D2BF1BB-861C-4DC4-8754-2DE59D02E774}.AppStore|iPhone.Build.0 = Release|Any CPU
		{6D2BF1BB-861C-4DC4-8754-2DE59D02E774}.AppStore|iPhone.Deploy.0 = Release|Any CPU
		{6D2BF1BB-861C-4DC4-8754-2DE59D02E774}.AppStore|iPhoneSimulator.ActiveCfg = Release|Any CPU
		{6D2BF1BB-861C-4DC4-8754-2DE59D02E774}.AppStore|iPhoneSimulator.Build.0 = Release|Any CPU
		{6D2BF1BB-861C-4DC4-8754-2DE59D02E774}.AppStore|iPhoneSimulator.Deploy.0 = Release|Any CPU
		{6D2BF1BB-861C-4DC4-8754-2DE59D02E774}.Debug|Any CPU.ActiveCfg = Debug|Any CPU
		{6D2BF1BB-861C-4DC4-8754-2DE59D02E774}.Debug|Any CPU.Build.0 = Debug|Any CPU
		{6D2BF1BB-861C-4DC4-8754-2DE59D02E774}.Debug|Any CPU.Deploy.0 = Debug|Any CPU
		{6D2BF1BB-861C-4DC4-8754-2DE59D02E774}.Debug|iPhone.ActiveCfg = Debug|Any CPU
		{6D2BF1BB-861C-4DC4-8754-2DE59D02E774}.Debug|iPhone.Build.0 = Debug|Any CPU
		{6D2BF1BB-861C-4DC4-8754-2DE59D02E774}.Debug|iPhone.Deploy.0 = Debug|Any CPU
		{6D2BF1BB-861C-4DC4-8754-2DE59D02E774}.Debug|iPhoneSimulator.ActiveCfg = Debug|Any CPU
		{6D2BF1BB-861C-4DC4-8754-2DE59D02E774}.Release|Any CPU.ActiveCfg = Release|Any CPU
		{6D2BF1BB-861C-4DC4-8754-2DE59D02E774}.Release|Any CPU.Build.0 = Release|Any CPU
		{6D2BF1BB-861C-4DC4-8754-2DE59D02E774}.Release|Any CPU.Deploy.0 = Release|Any CPU
		{6D2BF1BB-861C-4DC4-8754-2DE59D02E774}.Release|iPhone.ActiveCfg = Release|Any CPU
		{6D2BF1BB-861C-4DC4-8754-2DE59D02E774}.Release|iPhone.Build.0 = Release|Any CPU
		{6D2BF1BB-861C-4DC4-8754-2DE59D02E774}.Release|iPhone.Deploy.0 = Release|Any CPU
		{6D2BF1BB-861C-4DC4-8754-2DE59D02E774}.Release|iPhoneSimulator.ActiveCfg = Release|Any CPU
		{6D2BF1BB-861C-4DC4-8754-2DE59D02E774}.Release|iPhoneSimulator.Build.0 = Release|Any CPU
		{6D2BF1BB-861C-4DC4-8754-2DE59D02E774}.Release|iPhoneSimulator.Deploy.0 = Release|Any CPU
		{6DA6D855-40E7-47FF-A9F6-82AE336C3D8B}.Ad-Hoc|Any CPU.ActiveCfg = Release|Any CPU
		{6DA6D855-40E7-47FF-A9F6-82AE336C3D8B}.Ad-Hoc|Any CPU.Build.0 = Release|Any CPU
		{6DA6D855-40E7-47FF-A9F6-82AE336C3D8B}.Ad-Hoc|iPhone.ActiveCfg = Release|Any CPU
		{6DA6D855-40E7-47FF-A9F6-82AE336C3D8B}.Ad-Hoc|iPhone.Build.0 = Release|Any CPU
		{6DA6D855-40E7-47FF-A9F6-82AE336C3D8B}.Ad-Hoc|iPhoneSimulator.ActiveCfg = Release|Any CPU
		{6DA6D855-40E7-47FF-A9F6-82AE336C3D8B}.Ad-Hoc|iPhoneSimulator.Build.0 = Release|Any CPU
		{6DA6D855-40E7-47FF-A9F6-82AE336C3D8B}.AppStore|Any CPU.ActiveCfg = Release|Any CPU
		{6DA6D855-40E7-47FF-A9F6-82AE336C3D8B}.AppStore|Any CPU.Build.0 = Release|Any CPU
		{6DA6D855-40E7-47FF-A9F6-82AE336C3D8B}.AppStore|iPhone.ActiveCfg = Release|Any CPU
		{6DA6D855-40E7-47FF-A9F6-82AE336C3D8B}.AppStore|iPhone.Build.0 = Release|Any CPU
		{6DA6D855-40E7-47FF-A9F6-82AE336C3D8B}.AppStore|iPhoneSimulator.ActiveCfg = Release|Any CPU
		{6DA6D855-40E7-47FF-A9F6-82AE336C3D8B}.AppStore|iPhoneSimulator.Build.0 = Release|Any CPU
		{6DA6D855-40E7-47FF-A9F6-82AE336C3D8B}.Debug|Any CPU.ActiveCfg = Debug|Any CPU
		{6DA6D855-40E7-47FF-A9F6-82AE336C3D8B}.Debug|Any CPU.Build.0 = Debug|Any CPU
		{6DA6D855-40E7-47FF-A9F6-82AE336C3D8B}.Debug|iPhone.ActiveCfg = Debug|Any CPU
		{6DA6D855-40E7-47FF-A9F6-82AE336C3D8B}.Debug|iPhone.Build.0 = Debug|Any CPU
		{6DA6D855-40E7-47FF-A9F6-82AE336C3D8B}.Debug|iPhoneSimulator.ActiveCfg = Debug|Any CPU
		{6DA6D855-40E7-47FF-A9F6-82AE336C3D8B}.Debug|iPhoneSimulator.Build.0 = Debug|Any CPU
		{6DA6D855-40E7-47FF-A9F6-82AE336C3D8B}.Release|Any CPU.ActiveCfg = Release|Any CPU
		{6DA6D855-40E7-47FF-A9F6-82AE336C3D8B}.Release|Any CPU.Build.0 = Release|Any CPU
		{6DA6D855-40E7-47FF-A9F6-82AE336C3D8B}.Release|iPhone.ActiveCfg = Release|Any CPU
		{6DA6D855-40E7-47FF-A9F6-82AE336C3D8B}.Release|iPhone.Build.0 = Release|Any CPU
		{6DA6D855-40E7-47FF-A9F6-82AE336C3D8B}.Release|iPhoneSimulator.ActiveCfg = Release|Any CPU
		{6DA6D855-40E7-47FF-A9F6-82AE336C3D8B}.Release|iPhoneSimulator.Build.0 = Release|Any CPU
		{7F8C6D01-D22C-4651-BA6E-2C087B01F739}.Ad-Hoc|Any CPU.ActiveCfg = Ad-Hoc|iPhone
		{7F8C6D01-D22C-4651-BA6E-2C087B01F739}.Ad-Hoc|iPhone.ActiveCfg = Ad-Hoc|iPhone
		{7F8C6D01-D22C-4651-BA6E-2C087B01F739}.Ad-Hoc|iPhone.Build.0 = Ad-Hoc|iPhone
		{7F8C6D01-D22C-4651-BA6E-2C087B01F739}.Ad-Hoc|iPhoneSimulator.ActiveCfg = Ad-Hoc|iPhoneSimulator
		{7F8C6D01-D22C-4651-BA6E-2C087B01F739}.Ad-Hoc|iPhoneSimulator.Build.0 = Ad-Hoc|iPhoneSimulator
		{7F8C6D01-D22C-4651-BA6E-2C087B01F739}.AppStore|Any CPU.ActiveCfg = AppStore|iPhone
		{7F8C6D01-D22C-4651-BA6E-2C087B01F739}.AppStore|iPhone.ActiveCfg = AppStore|iPhone
		{7F8C6D01-D22C-4651-BA6E-2C087B01F739}.AppStore|iPhone.Build.0 = AppStore|iPhone
		{7F8C6D01-D22C-4651-BA6E-2C087B01F739}.AppStore|iPhoneSimulator.ActiveCfg = AppStore|iPhoneSimulator
		{7F8C6D01-D22C-4651-BA6E-2C087B01F739}.AppStore|iPhoneSimulator.Build.0 = AppStore|iPhoneSimulator
		{7F8C6D01-D22C-4651-BA6E-2C087B01F739}.Debug|Any CPU.ActiveCfg = Debug|iPhone
		{7F8C6D01-D22C-4651-BA6E-2C087B01F739}.Debug|iPhone.ActiveCfg = Debug|iPhone
		{7F8C6D01-D22C-4651-BA6E-2C087B01F739}.Debug|iPhone.Build.0 = Debug|iPhone
		{7F8C6D01-D22C-4651-BA6E-2C087B01F739}.Debug|iPhoneSimulator.ActiveCfg = Debug|iPhoneSimulator
		{7F8C6D01-D22C-4651-BA6E-2C087B01F739}.Debug|iPhoneSimulator.Build.0 = Debug|iPhoneSimulator
		{7F8C6D01-D22C-4651-BA6E-2C087B01F739}.Release|Any CPU.ActiveCfg = Release|iPhone
		{7F8C6D01-D22C-4651-BA6E-2C087B01F739}.Release|iPhone.ActiveCfg = Release|iPhone
		{7F8C6D01-D22C-4651-BA6E-2C087B01F739}.Release|iPhone.Build.0 = Release|iPhone
		{7F8C6D01-D22C-4651-BA6E-2C087B01F739}.Release|iPhoneSimulator.ActiveCfg = Release|iPhoneSimulator
		{7F8C6D01-D22C-4651-BA6E-2C087B01F739}.Release|iPhoneSimulator.Build.0 = Release|iPhoneSimulator
		{807185CE-7C17-4CCB-885E-1E03E1974A1B}.Ad-Hoc|Any CPU.ActiveCfg = Release|Any CPU
		{807185CE-7C17-4CCB-885E-1E03E1974A1B}.Ad-Hoc|Any CPU.Build.0 = Release|Any CPU
		{807185CE-7C17-4CCB-885E-1E03E1974A1B}.Ad-Hoc|iPhone.ActiveCfg = Release|Any CPU
		{807185CE-7C17-4CCB-885E-1E03E1974A1B}.Ad-Hoc|iPhone.Build.0 = Release|Any CPU
		{807185CE-7C17-4CCB-885E-1E03E1974A1B}.Ad-Hoc|iPhoneSimulator.ActiveCfg = Release|Any CPU
		{807185CE-7C17-4CCB-885E-1E03E1974A1B}.Ad-Hoc|iPhoneSimulator.Build.0 = Release|Any CPU
		{807185CE-7C17-4CCB-885E-1E03E1974A1B}.AppStore|Any CPU.ActiveCfg = Release|Any CPU
		{807185CE-7C17-4CCB-885E-1E03E1974A1B}.AppStore|Any CPU.Build.0 = Release|Any CPU
		{807185CE-7C17-4CCB-885E-1E03E1974A1B}.AppStore|iPhone.ActiveCfg = Release|Any CPU
		{807185CE-7C17-4CCB-885E-1E03E1974A1B}.AppStore|iPhone.Build.0 = Release|Any CPU
		{807185CE-7C17-4CCB-885E-1E03E1974A1B}.AppStore|iPhoneSimulator.ActiveCfg = Release|Any CPU
		{807185CE-7C17-4CCB-885E-1E03E1974A1B}.AppStore|iPhoneSimulator.Build.0 = Release|Any CPU
		{807185CE-7C17-4CCB-885E-1E03E1974A1B}.Debug|Any CPU.ActiveCfg = Debug|Any CPU
		{807185CE-7C17-4CCB-885E-1E03E1974A1B}.Debug|Any CPU.Build.0 = Debug|Any CPU
		{807185CE-7C17-4CCB-885E-1E03E1974A1B}.Debug|iPhone.ActiveCfg = Debug|Any CPU
		{807185CE-7C17-4CCB-885E-1E03E1974A1B}.Debug|iPhone.Build.0 = Debug|Any CPU
		{807185CE-7C17-4CCB-885E-1E03E1974A1B}.Debug|iPhoneSimulator.ActiveCfg = Debug|Any CPU
		{807185CE-7C17-4CCB-885E-1E03E1974A1B}.Debug|iPhoneSimulator.Build.0 = Debug|Any CPU
		{807185CE-7C17-4CCB-885E-1E03E1974A1B}.Release|Any CPU.ActiveCfg = Release|Any CPU
		{807185CE-7C17-4CCB-885E-1E03E1974A1B}.Release|Any CPU.Build.0 = Release|Any CPU
		{807185CE-7C17-4CCB-885E-1E03E1974A1B}.Release|iPhone.ActiveCfg = Release|Any CPU
		{807185CE-7C17-4CCB-885E-1E03E1974A1B}.Release|iPhone.Build.0 = Release|Any CPU
		{807185CE-7C17-4CCB-885E-1E03E1974A1B}.Release|iPhoneSimulator.ActiveCfg = Release|Any CPU
		{807185CE-7C17-4CCB-885E-1E03E1974A1B}.Release|iPhoneSimulator.Build.0 = Release|Any CPU
		{28F19B28-30DE-4904-B2ED-DFB56388CDDC}.Ad-Hoc|Any CPU.ActiveCfg = Release|Any CPU
		{28F19B28-30DE-4904-B2ED-DFB56388CDDC}.Ad-Hoc|Any CPU.Build.0 = Release|Any CPU
		{28F19B28-30DE-4904-B2ED-DFB56388CDDC}.Ad-Hoc|iPhone.ActiveCfg = Release|Any CPU
		{28F19B28-30DE-4904-B2ED-DFB56388CDDC}.Ad-Hoc|iPhone.Build.0 = Release|Any CPU
		{28F19B28-30DE-4904-B2ED-DFB56388CDDC}.Ad-Hoc|iPhoneSimulator.ActiveCfg = Release|Any CPU
		{28F19B28-30DE-4904-B2ED-DFB56388CDDC}.Ad-Hoc|iPhoneSimulator.Build.0 = Release|Any CPU
		{28F19B28-30DE-4904-B2ED-DFB56388CDDC}.AppStore|Any CPU.ActiveCfg = Release|Any CPU
		{28F19B28-30DE-4904-B2ED-DFB56388CDDC}.AppStore|Any CPU.Build.0 = Release|Any CPU
		{28F19B28-30DE-4904-B2ED-DFB56388CDDC}.AppStore|iPhone.ActiveCfg = Release|Any CPU
		{28F19B28-30DE-4904-B2ED-DFB56388CDDC}.AppStore|iPhone.Build.0 = Release|Any CPU
		{28F19B28-30DE-4904-B2ED-DFB56388CDDC}.AppStore|iPhoneSimulator.ActiveCfg = Release|Any CPU
		{28F19B28-30DE-4904-B2ED-DFB56388CDDC}.AppStore|iPhoneSimulator.Build.0 = Release|Any CPU
		{28F19B28-30DE-4904-B2ED-DFB56388CDDC}.Debug|Any CPU.ActiveCfg = Debug|Any CPU
		{28F19B28-30DE-4904-B2ED-DFB56388CDDC}.Debug|Any CPU.Build.0 = Debug|Any CPU
		{28F19B28-30DE-4904-B2ED-DFB56388CDDC}.Debug|iPhone.ActiveCfg = Debug|Any CPU
		{28F19B28-30DE-4904-B2ED-DFB56388CDDC}.Debug|iPhone.Build.0 = Debug|Any CPU
		{28F19B28-30DE-4904-B2ED-DFB56388CDDC}.Debug|iPhoneSimulator.ActiveCfg = Debug|Any CPU
		{28F19B28-30DE-4904-B2ED-DFB56388CDDC}.Debug|iPhoneSimulator.Build.0 = Debug|Any CPU
		{28F19B28-30DE-4904-B2ED-DFB56388CDDC}.Release|Any CPU.ActiveCfg = Release|Any CPU
		{28F19B28-30DE-4904-B2ED-DFB56388CDDC}.Release|Any CPU.Build.0 = Release|Any CPU
		{28F19B28-30DE-4904-B2ED-DFB56388CDDC}.Release|iPhone.ActiveCfg = Release|Any CPU
		{28F19B28-30DE-4904-B2ED-DFB56388CDDC}.Release|iPhone.Build.0 = Release|Any CPU
		{28F19B28-30DE-4904-B2ED-DFB56388CDDC}.Release|iPhoneSimulator.ActiveCfg = Release|Any CPU
		{28F19B28-30DE-4904-B2ED-DFB56388CDDC}.Release|iPhoneSimulator.Build.0 = Release|Any CPU
		{8EC9834D-5FB3-4FEC-A53F-6BBBA74B951D}.Ad-Hoc|Any CPU.ActiveCfg = Release|Any CPU
		{8EC9834D-5FB3-4FEC-A53F-6BBBA74B951D}.Ad-Hoc|Any CPU.Build.0 = Release|Any CPU
		{8EC9834D-5FB3-4FEC-A53F-6BBBA74B951D}.Ad-Hoc|iPhone.ActiveCfg = Release|Any CPU
		{8EC9834D-5FB3-4FEC-A53F-6BBBA74B951D}.Ad-Hoc|iPhone.Build.0 = Release|Any CPU
		{8EC9834D-5FB3-4FEC-A53F-6BBBA74B951D}.Ad-Hoc|iPhoneSimulator.ActiveCfg = Release|Any CPU
		{8EC9834D-5FB3-4FEC-A53F-6BBBA74B951D}.Ad-Hoc|iPhoneSimulator.Build.0 = Release|Any CPU
		{8EC9834D-5FB3-4FEC-A53F-6BBBA74B951D}.AppStore|Any CPU.ActiveCfg = Release|Any CPU
		{8EC9834D-5FB3-4FEC-A53F-6BBBA74B951D}.AppStore|Any CPU.Build.0 = Release|Any CPU
		{8EC9834D-5FB3-4FEC-A53F-6BBBA74B951D}.AppStore|iPhone.ActiveCfg = Release|Any CPU
		{8EC9834D-5FB3-4FEC-A53F-6BBBA74B951D}.AppStore|iPhone.Build.0 = Release|Any CPU
		{8EC9834D-5FB3-4FEC-A53F-6BBBA74B951D}.AppStore|iPhoneSimulator.ActiveCfg = Release|Any CPU
		{8EC9834D-5FB3-4FEC-A53F-6BBBA74B951D}.AppStore|iPhoneSimulator.Build.0 = Release|Any CPU
		{8EC9834D-5FB3-4FEC-A53F-6BBBA74B951D}.Debug|Any CPU.ActiveCfg = Debug|Any CPU
		{8EC9834D-5FB3-4FEC-A53F-6BBBA74B951D}.Debug|Any CPU.Build.0 = Debug|Any CPU
		{8EC9834D-5FB3-4FEC-A53F-6BBBA74B951D}.Debug|iPhone.ActiveCfg = Debug|Any CPU
		{8EC9834D-5FB3-4FEC-A53F-6BBBA74B951D}.Debug|iPhone.Build.0 = Debug|Any CPU
		{8EC9834D-5FB3-4FEC-A53F-6BBBA74B951D}.Debug|iPhoneSimulator.ActiveCfg = Debug|Any CPU
		{8EC9834D-5FB3-4FEC-A53F-6BBBA74B951D}.Release|Any CPU.ActiveCfg = Release|Any CPU
		{8EC9834D-5FB3-4FEC-A53F-6BBBA74B951D}.Release|Any CPU.Build.0 = Release|Any CPU
		{8EC9834D-5FB3-4FEC-A53F-6BBBA74B951D}.Release|iPhone.ActiveCfg = Release|Any CPU
		{8EC9834D-5FB3-4FEC-A53F-6BBBA74B951D}.Release|iPhone.Build.0 = Release|Any CPU
		{8EC9834D-5FB3-4FEC-A53F-6BBBA74B951D}.Release|iPhoneSimulator.ActiveCfg = Release|Any CPU
		{8EC9834D-5FB3-4FEC-A53F-6BBBA74B951D}.Release|iPhoneSimulator.Build.0 = Release|Any CPU
		{61487701-53BE-4877-87AC-38BBA7601EF3}.Ad-Hoc|Any CPU.ActiveCfg = Release|Any CPU
		{61487701-53BE-4877-87AC-38BBA7601EF3}.Ad-Hoc|Any CPU.Build.0 = Release|Any CPU
		{61487701-53BE-4877-87AC-38BBA7601EF3}.Ad-Hoc|iPhone.ActiveCfg = Release|Any CPU
		{61487701-53BE-4877-87AC-38BBA7601EF3}.Ad-Hoc|iPhone.Build.0 = Release|Any CPU
		{61487701-53BE-4877-87AC-38BBA7601EF3}.Ad-Hoc|iPhoneSimulator.ActiveCfg = Release|Any CPU
		{61487701-53BE-4877-87AC-38BBA7601EF3}.Ad-Hoc|iPhoneSimulator.Build.0 = Release|Any CPU
		{61487701-53BE-4877-87AC-38BBA7601EF3}.AppStore|Any CPU.ActiveCfg = Release|Any CPU
		{61487701-53BE-4877-87AC-38BBA7601EF3}.AppStore|Any CPU.Build.0 = Release|Any CPU
		{61487701-53BE-4877-87AC-38BBA7601EF3}.AppStore|iPhone.ActiveCfg = Release|Any CPU
		{61487701-53BE-4877-87AC-38BBA7601EF3}.AppStore|iPhone.Build.0 = Release|Any CPU
		{61487701-53BE-4877-87AC-38BBA7601EF3}.AppStore|iPhoneSimulator.ActiveCfg = Release|Any CPU
		{61487701-53BE-4877-87AC-38BBA7601EF3}.AppStore|iPhoneSimulator.Build.0 = Release|Any CPU
		{61487701-53BE-4877-87AC-38BBA7601EF3}.Debug|Any CPU.ActiveCfg = Debug|Any CPU
		{61487701-53BE-4877-87AC-38BBA7601EF3}.Debug|Any CPU.Build.0 = Debug|Any CPU
		{61487701-53BE-4877-87AC-38BBA7601EF3}.Debug|iPhone.ActiveCfg = Debug|Any CPU
		{61487701-53BE-4877-87AC-38BBA7601EF3}.Debug|iPhone.Build.0 = Debug|Any CPU
		{61487701-53BE-4877-87AC-38BBA7601EF3}.Debug|iPhoneSimulator.ActiveCfg = Debug|Any CPU
		{61487701-53BE-4877-87AC-38BBA7601EF3}.Debug|iPhoneSimulator.Build.0 = Debug|Any CPU
		{61487701-53BE-4877-87AC-38BBA7601EF3}.Release|Any CPU.ActiveCfg = Release|Any CPU
		{61487701-53BE-4877-87AC-38BBA7601EF3}.Release|Any CPU.Build.0 = Release|Any CPU
		{61487701-53BE-4877-87AC-38BBA7601EF3}.Release|iPhone.ActiveCfg = Release|Any CPU
		{61487701-53BE-4877-87AC-38BBA7601EF3}.Release|iPhone.Build.0 = Release|Any CPU
		{61487701-53BE-4877-87AC-38BBA7601EF3}.Release|iPhoneSimulator.ActiveCfg = Release|Any CPU
		{61487701-53BE-4877-87AC-38BBA7601EF3}.Release|iPhoneSimulator.Build.0 = Release|Any CPU
		{6F3D0CBF-1A37-489B-9A36-20A718FFD846}.Ad-Hoc|Any CPU.ActiveCfg = Release|Any CPU
		{6F3D0CBF-1A37-489B-9A36-20A718FFD846}.Ad-Hoc|Any CPU.Build.0 = Release|Any CPU
		{6F3D0CBF-1A37-489B-9A36-20A718FFD846}.Ad-Hoc|iPhone.ActiveCfg = Release|Any CPU
		{6F3D0CBF-1A37-489B-9A36-20A718FFD846}.Ad-Hoc|iPhone.Build.0 = Release|Any CPU
		{6F3D0CBF-1A37-489B-9A36-20A718FFD846}.Ad-Hoc|iPhoneSimulator.ActiveCfg = Release|Any CPU
		{6F3D0CBF-1A37-489B-9A36-20A718FFD846}.Ad-Hoc|iPhoneSimulator.Build.0 = Release|Any CPU
		{6F3D0CBF-1A37-489B-9A36-20A718FFD846}.AppStore|Any CPU.ActiveCfg = Release|Any CPU
		{6F3D0CBF-1A37-489B-9A36-20A718FFD846}.AppStore|Any CPU.Build.0 = Release|Any CPU
		{6F3D0CBF-1A37-489B-9A36-20A718FFD846}.AppStore|iPhone.ActiveCfg = Release|Any CPU
		{6F3D0CBF-1A37-489B-9A36-20A718FFD846}.AppStore|iPhone.Build.0 = Release|Any CPU
		{6F3D0CBF-1A37-489B-9A36-20A718FFD846}.AppStore|iPhoneSimulator.ActiveCfg = Release|Any CPU
		{6F3D0CBF-1A37-489B-9A36-20A718FFD846}.AppStore|iPhoneSimulator.Build.0 = Release|Any CPU
		{6F3D0CBF-1A37-489B-9A36-20A718FFD846}.Debug|Any CPU.ActiveCfg = Debug|Any CPU
		{6F3D0CBF-1A37-489B-9A36-20A718FFD846}.Debug|Any CPU.Build.0 = Debug|Any CPU
		{6F3D0CBF-1A37-489B-9A36-20A718FFD846}.Debug|iPhone.ActiveCfg = Debug|Any CPU
		{6F3D0CBF-1A37-489B-9A36-20A718FFD846}.Debug|iPhone.Build.0 = Debug|Any CPU
		{6F3D0CBF-1A37-489B-9A36-20A718FFD846}.Debug|iPhoneSimulator.ActiveCfg = Debug|Any CPU
		{6F3D0CBF-1A37-489B-9A36-20A718FFD846}.Debug|iPhoneSimulator.Build.0 = Debug|Any CPU
		{6F3D0CBF-1A37-489B-9A36-20A718FFD846}.Release|Any CPU.ActiveCfg = Release|Any CPU
		{6F3D0CBF-1A37-489B-9A36-20A718FFD846}.Release|Any CPU.Build.0 = Release|Any CPU
		{6F3D0CBF-1A37-489B-9A36-20A718FFD846}.Release|iPhone.ActiveCfg = Release|Any CPU
		{6F3D0CBF-1A37-489B-9A36-20A718FFD846}.Release|iPhone.Build.0 = Release|Any CPU
		{6F3D0CBF-1A37-489B-9A36-20A718FFD846}.Release|iPhoneSimulator.ActiveCfg = Release|Any CPU
		{6F3D0CBF-1A37-489B-9A36-20A718FFD846}.Release|iPhoneSimulator.Build.0 = Release|Any CPU
	EndGlobalSection
	GlobalSection(SolutionProperties) = preSolution
		HideSolutionNode = FALSE
	EndGlobalSection
	GlobalSection(NestedProjects) = preSolution
		{6D2BF1BB-861C-4DC4-8754-2DE59D02E774} = {6DC66A84-E616-4FEB-8AF2-3CD1D8F9AB90}
		{6DA6D855-40E7-47FF-A9F6-82AE336C3D8B} = {B7B3FE1D-D673-4B61-B4ED-FF755AC3D65C}
		{7F8C6D01-D22C-4651-BA6E-2C087B01F739} = {6DC66A84-E616-4FEB-8AF2-3CD1D8F9AB90}
		{807185CE-7C17-4CCB-885E-1E03E1974A1B} = {822EE30F-D6CD-4D18-ABFC-29088045782C}
		{28F19B28-30DE-4904-B2ED-DFB56388CDDC} = {822EE30F-D6CD-4D18-ABFC-29088045782C}
		{8EC9834D-5FB3-4FEC-A53F-6BBBA74B951D} = {F22046F9-8070-4E1C-ABE5-6452027F8EE2}
		{61487701-53BE-4877-87AC-38BBA7601EF3} = {B7B3FE1D-D673-4B61-B4ED-FF755AC3D65C}
		{6F3D0CBF-1A37-489B-9A36-20A718FFD846} = {B7B3FE1D-D673-4B61-B4ED-FF755AC3D65C}
	EndGlobalSection
	GlobalSection(ExtensibilityGlobals) = postSolution
		SolutionGuid = {A6D8BEF5-BD51-4FA2-9324-62B1DE9EC34E}
	EndGlobalSection
EndGlobal
